
Microsoft Visual Studio Solution File, Format Version 12.00
# Visual Studio Version 16
VisualStudioVersion = 16.0.29519.87
MinimumVisualStudioVersion = 10.0.40219.1
Project("{FAE04EC0-301F-11D3-BF4B-00C04F79EFBC}") = "Notebook", "Notebook\Notebook.csproj", "{1BAFBA12-A7CD-443C-B761-F9C12ABC382A}"
EndProject
Global
	GlobalSection(SolutionConfigurationPlatforms) = preSolution
		Debug|Any CPU = Debug|Any CPU
		Release|Any CPU = Release|Any CPU
	EndGlobalSection
	GlobalSection(ProjectConfigurationPlatforms) = postSolution
		{1BAFBA12-A7CD-443C-B761-F9C12ABC382A}.Debug|Any CPU.ActiveCfg = Debug|Any CPU
		{1BAFBA12-A7CD-443C-B761-F9C12ABC382A}.Debug|Any CPU.Build.0 = Debug|Any CPU
		{1BAFBA12-A7CD-443C-B761-F9C12ABC382A}.Release|Any CPU.ActiveCfg = Release|Any CPU
		{1BAFBA12-A7CD-443C-B761-F9C12ABC382A}.Release|Any CPU.Build.0 = Release|Any CPU
	EndGlobalSection
	GlobalSection(SolutionProperties) = preSolution
		HideSolutionNode = FALSE
	EndGlobalSection
	GlobalSection(ExtensibilityGlobals) = postSolution
		SolutionGuid = {845C35E6-C34B-4458-B466-C07B9BAF8EFC}
	EndGlobalSection
EndGlobal
